
Microsoft Visual Studio Solution File, Format Version 12.00
# Visual Studio Version 16
VisualStudioVersion = 16.0.31005.135
MinimumVisualStudioVersion = 10.0.40219.1
Project("{9A19103F-16F7-4668-BE54-9A1E7A4F7556}") = "IndoorLocationWebApi", "IndoorLocationWebApi\IndoorLocationWebApi.csproj", "{BF2E9670-AF15-4E2E-A7BE-D6EAE824B048}"
EndProject
Project("{9A19103F-16F7-4668-BE54-9A1E7A4F7556}") = "Entities", "Entities\Entities.csproj", "{B4E75DD7-FE72-465D-B9DA-D300BC5C382E}"
EndProject
Project("{9A19103F-16F7-4668-BE54-9A1E7A4F7556}") = "DataAccess", "DataAccess\DataAccess.csproj", "{93440913-F11C-4BCA-9758-26BED51CB996}"
EndProject
Project("{9A19103F-16F7-4668-BE54-9A1E7A4F7556}") = "Core", "Core\Core.csproj", "{2D7317B6-3600-40D1-BDC3-DE7188A85CC1}"
EndProject
Project("{9A19103F-16F7-4668-BE54-9A1E7A4F7556}") = "Bussiness", "Bussiness\Bussiness.csproj", "{791ABF66-CCFD-4A7F-B837-FDD9ED3339B0}"
EndProject
Global
	GlobalSection(SolutionConfigurationPlatforms) = preSolution
		Debug|Any CPU = Debug|Any CPU
		Release|Any CPU = Release|Any CPU
	EndGlobalSection
	GlobalSection(ProjectConfigurationPlatforms) = postSolution
		{BF2E9670-AF15-4E2E-A7BE-D6EAE824B048}.Debug|Any CPU.ActiveCfg = Debug|Any CPU
		{BF2E9670-AF15-4E2E-A7BE-D6EAE824B048}.Debug|Any CPU.Build.0 = Debug|Any CPU
		{BF2E9670-AF15-4E2E-A7BE-D6EAE824B048}.Release|Any CPU.ActiveCfg = Release|Any CPU
		{BF2E9670-AF15-4E2E-A7BE-D6EAE824B048}.Release|Any CPU.Build.0 = Release|Any CPU
		{B4E75DD7-FE72-465D-B9DA-D300BC5C382E}.Debug|Any CPU.ActiveCfg = Debug|Any CPU
		{B4E75DD7-FE72-465D-B9DA-D300BC5C382E}.Debug|Any CPU.Build.0 = Debug|Any CPU
		{B4E75DD7-FE72-465D-B9DA-D300BC5C382E}.Release|Any CPU.ActiveCfg = Release|Any CPU
		{B4E75DD7-FE72-465D-B9DA-D300BC5C382E}.Release|Any CPU.Build.0 = Release|Any CPU
		{93440913-F11C-4BCA-9758-26BED51CB996}.Debug|Any CPU.ActiveCfg = Debug|Any CPU
		{93440913-F11C-4BCA-9758-26BED51CB996}.Debug|Any CPU.Build.0 = Debug|Any CPU
		{93440913-F11C-4BCA-9758-26BED51CB996}.Release|Any CPU.ActiveCfg = Release|Any CPU
		{93440913-F11C-4BCA-9758-26BED51CB996}.Release|Any CPU.Build.0 = Release|Any CPU
		{2D7317B6-3600-40D1-BDC3-DE7188A85CC1}.Debug|Any CPU.ActiveCfg = Debug|Any CPU
		{2D7317B6-3600-40D1-BDC3-DE7188A85CC1}.Debug|Any CPU.Build.0 = Debug|Any CPU
		{2D7317B6-3600-40D1-BDC3-DE7188A85CC1}.Release|Any CPU.ActiveCfg = Release|Any CPU
		{2D7317B6-3600-40D1-BDC3-DE7188A85CC1}.Release|Any CPU.Build.0 = Release|Any CPU
		{791ABF66-CCFD-4A7F-B837-FDD9ED3339B0}.Debug|Any CPU.ActiveCfg = Debug|Any CPU
		{791ABF66-CCFD-4A7F-B837-FDD9ED3339B0}.Debug|Any CPU.Build.0 = Debug|Any CPU
		{791ABF66-CCFD-4A7F-B837-FDD9ED3339B0}.Release|Any CPU.ActiveCfg = Release|Any CPU
		{791ABF66-CCFD-4A7F-B837-FDD9ED3339B0}.Release|Any CPU.Build.0 = Release|Any CPU
	EndGlobalSection
	GlobalSection(SolutionProperties) = preSolution
		HideSolutionNode = FALSE
	EndGlobalSection
	GlobalSection(ExtensibilityGlobals) = postSolution
		SolutionGuid = {8509950A-CFC6-4AE3-A4AA-773174F55807}
	EndGlobalSection
EndGlobal
